
Microsoft Visual Studio Solution File, Format Version 12.00
# Visual Studio 15
VisualStudioVersion = 15.0.28307.902
MinimumVisualStudioVersion = 10.0.40219.1
Project("{FAE04EC0-301F-11D3-BF4B-00C04F79EFBC}") = "game.maze", "bp.maze\game.maze.csproj", "{EAC5028C-DF00-4382-A2A1-FEF31B38EF33}"
EndProject
Project("{FAE04EC0-301F-11D3-BF4B-00C04F79EFBC}") = "game.maze.tests", "bp.maze.tests\game.maze.tests.csproj", "{1CE6B9D5-F8EC-44A0-B294-A72BA217CF38}"
EndProject
Project("{FAE04EC0-301F-11D3-BF4B-00C04F79EFBC}") = "game.maze.console", "bp.maze.console\game.maze.console.csproj", "{7E4A01C8-6A59-4729-9AAB-90B82121BDCD}"
EndProject
Global
	GlobalSection(SolutionConfigurationPlatforms) = preSolution
		Debug|Any CPU = Debug|Any CPU
		Release|Any CPU = Release|Any CPU
	EndGlobalSection
	GlobalSection(ProjectConfigurationPlatforms) = postSolution
		{EAC5028C-DF00-4382-A2A1-FEF31B38EF33}.Debug|Any CPU.ActiveCfg = Debug|Any CPU
		{EAC5028C-DF00-4382-A2A1-FEF31B38EF33}.Debug|Any CPU.Build.0 = Debug|Any CPU
		{EAC5028C-DF00-4382-A2A1-FEF31B38EF33}.Release|Any CPU.ActiveCfg = Release|Any CPU
		{EAC5028C-DF00-4382-A2A1-FEF31B38EF33}.Release|Any CPU.Build.0 = Release|Any CPU
		{1CE6B9D5-F8EC-44A0-B294-A72BA217CF38}.Debug|Any CPU.ActiveCfg = Debug|Any CPU
		{1CE6B9D5-F8EC-44A0-B294-A72BA217CF38}.Debug|Any CPU.Build.0 = Debug|Any CPU
		{1CE6B9D5-F8EC-44A0-B294-A72BA217CF38}.Release|Any CPU.ActiveCfg = Release|Any CPU
		{1CE6B9D5-F8EC-44A0-B294-A72BA217CF38}.Release|Any CPU.Build.0 = Release|Any CPU
		{7E4A01C8-6A59-4729-9AAB-90B82121BDCD}.Debug|Any CPU.ActiveCfg = Debug|Any CPU
		{7E4A01C8-6A59-4729-9AAB-90B82121BDCD}.Debug|Any CPU.Build.0 = Debug|Any CPU
		{7E4A01C8-6A59-4729-9AAB-90B82121BDCD}.Release|Any CPU.ActiveCfg = Release|Any CPU
		{7E4A01C8-6A59-4729-9AAB-90B82121BDCD}.Release|Any CPU.Build.0 = Release|Any CPU
	EndGlobalSection
	GlobalSection(SolutionProperties) = preSolution
		HideSolutionNode = FALSE
	EndGlobalSection
	GlobalSection(ExtensibilityGlobals) = postSolution
		SolutionGuid = {49A10B5E-BB97-4079-8281-BDB90D321104}
	EndGlobalSection
EndGlobal
